
Microsoft Visual Studio Solution File, Format Version 12.00
# Visual Studio 14
VisualStudioVersion = 14.0.25420.1
MinimumVisualStudioVersion = 10.0.40219.1
Project("{FAE04EC0-301F-11D3-BF4B-00C04F79EFBC}") = "MovieShopDll", "MovieShopDll\MovieShopDll.csproj", "{2B5642A9-35A6-4EE7-B8ED-887E7D8323E2}"
EndProject
Project("{FAE04EC0-301F-11D3-BF4B-00C04F79EFBC}") = "MovieShopAdmin", "MovieShopAdmin\MovieShopAdmin.csproj", "{6D5F1090-1F73-4975-B259-2E21F89799CA}"
EndProject
Global
	GlobalSection(SolutionConfigurationPlatforms) = preSolution
		Debug|Any CPU = Debug|Any CPU
		Release|Any CPU = Release|Any CPU
	EndGlobalSection
	GlobalSection(ProjectConfigurationPlatforms) = postSolution
		{2B5642A9-35A6-4EE7-B8ED-887E7D8323E2}.Debug|Any CPU.ActiveCfg = Debug|Any CPU
		{2B5642A9-35A6-4EE7-B8ED-887E7D8323E2}.Debug|Any CPU.Build.0 = Debug|Any CPU
		{2B5642A9-35A6-4EE7-B8ED-887E7D8323E2}.Release|Any CPU.ActiveCfg = Release|Any CPU
		{2B5642A9-35A6-4EE7-B8ED-887E7D8323E2}.Release|Any CPU.Build.0 = Release|Any CPU
		{6D5F1090-1F73-4975-B259-2E21F89799CA}.Debug|Any CPU.ActiveCfg = Debug|Any CPU
		{6D5F1090-1F73-4975-B259-2E21F89799CA}.Debug|Any CPU.Build.0 = Debug|Any CPU
		{6D5F1090-1F73-4975-B259-2E21F89799CA}.Release|Any CPU.ActiveCfg = Release|Any CPU
		{6D5F1090-1F73-4975-B259-2E21F89799CA}.Release|Any CPU.Build.0 = Release|Any CPU
	EndGlobalSection
	GlobalSection(SolutionProperties) = preSolution
		HideSolutionNode = FALSE
	EndGlobalSection
EndGlobal
